// !$*UTF8*$!
{
	archiveVersion = 1;
	classes = {
	};
	objectVersion = 46;
	objects = {

/* Begin PBXBuildFile section */
		FD24EEF21F62E20400590D8D /* AppDelegate.swift in Sources */ = {isa = PBXBuildFile; fileRef = FD24EEF11F62E20400590D8D /* AppDelegate.swift */; };
		FD24EEF71F62E20400590D8D /* Main.storyboard in Resources */ = {isa = PBXBuildFile; fileRef = FD24EEF51F62E20400590D8D /* Main.storyboard */; };
		FD24EEF91F62E20400590D8D /* Assets.xcassets in Resources */ = {isa = PBXBuildFile; fileRef = FD24EEF81F62E20400590D8D /* Assets.xcassets */; };
		FD24EEFC1F62E20400590D8D /* LaunchScreen.storyboard in Resources */ = {isa = PBXBuildFile; fileRef = FD24EEFA1F62E20400590D8D /* LaunchScreen.storyboard */; };
		FD24EF041F62E2E100590D8D /* StatesViewController.swift in Sources */ = {isa = PBXBuildFile; fileRef = FD24EF031F62E2E100590D8D /* StatesViewController.swift */; };
		FD24EF061F62E33C00590D8D /* StateController.swift in Sources */ = {isa = PBXBuildFile; fileRef = FD24EF051F62E33C00590D8D /* StateController.swift */; };
		FD24EF081F62ED8000590D8D /* Representative.swift in Sources */ = {isa = PBXBuildFile; fileRef = FD24EF071F62ED8000590D8D /* Representative.swift */; };
/* End PBXBuildFile section */

/* Begin PBXFileReference section */
		FD24EEEE1F62E20400590D8D /* Representative3.app */ = {isa = PBXFileReference; explicitFileType = wrapper.application; includeInIndex = 0; path = Representative3.app; sourceTree = BUILT_PRODUCTS_DIR; };
		FD24EEF11F62E20400590D8D /* AppDelegate.swift */ = {isa = PBXFileReference; lastKnownFileType = sourcecode.swift; path = AppDelegate.swift; sourceTree = "<group>"; };
		FD24EEF61F62E20400590D8D /* Base */ = {isa = PBXFileReference; lastKnownFileType = file.storyboard; name = Base; path = Base.lproj/Main.storyboard; sourceTree = "<group>"; };
		FD24EEF81F62E20400590D8D /* Assets.xcassets */ = {isa = PBXFileReference; lastKnownFileType = folder.assetcatalog; path = Assets.xcassets; sourceTree = "<group>"; };
		FD24EEFB1F62E20400590D8D /* Base */ = {isa = PBXFileReference; lastKnownFileType = file.storyboard; name = Base; path = Base.lproj/LaunchScreen.storyboard; sourceTree = "<group>"; };
		FD24EEFD1F62E20400590D8D /* Info.plist */ = {isa = PBXFileReference; lastKnownFileType = text.plist.xml; path = Info.plist; sourceTree = "<group>"; };
		FD24EF031F62E2E100590D8D /* StatesViewController.swift */ = {isa = PBXFileReference; fileEncoding = 4; lastKnownFileType = sourcecode.swift; path = StatesViewController.swift; sourceTree = "<group>"; };
		FD24EF051F62E33C00590D8D /* StateController.swift */ = {isa = PBXFileReference; fileEncoding = 4; lastKnownFileType = sourcecode.swift; path = StateController.swift; sourceTree = "<group>"; };
		FD24EF071F62ED8000590D8D /* Representative.swift */ = {isa = PBXFileReference; fileEncoding = 4; lastKnownFileType = sourcecode.swift; path = Representative.swift; sourceTree = "<group>"; };
/* End PBXFileReference section */

/* Begin PBXFrameworksBuildPhase section */
		FD24EEEB1F62E20400590D8D /* Frameworks */ = {
			isa = PBXFrameworksBuildPhase;
			buildActionMask = 2147483647;
			files = (
			);
			runOnlyForDeploymentPostprocessing = 0;
		};
/* End PBXFrameworksBuildPhase section */

/* Begin PBXGroup section */
		FD24EEE51F62E20400590D8D = {
			isa = PBXGroup;
			children = (
				FD24EEF01F62E20400590D8D /* Representative3 */,
				FD24EEEF1F62E20400590D8D /* Products */,
			);
			sourceTree = "<group>";
		};
		FD24EEEF1F62E20400590D8D /* Products */ = {
			isa = PBXGroup;
			children = (
				FD24EEEE1F62E20400590D8D /* Representative3.app */,
			);
			name = Products;
			sourceTree = "<group>";
		};
		FD24EEF01F62E20400590D8D /* Representative3 */ = {
			isa = PBXGroup;
			children = (
				FD24EF091F62EDA400590D8D /* Model */,
				FD24EF0A1F62EDAF00590D8D /* View Controller */,
				FD24EF0B1F62EDB500590D8D /* Model Controller */,
				FD24EEF11F62E20400590D8D /* AppDelegate.swift */,
				FD24EEF81F62E20400590D8D /* Assets.xcassets */,
				FD24EEF51F62E20400590D8D /* Main.storyboard */,
				FD24EEFA1F62E20400590D8D /* LaunchScreen.storyboard */,
				FD24EEFD1F62E20400590D8D /* Info.plist */,
			);
			path = Representative3;
			sourceTree = "<group>";
		};
		FD24EF091F62EDA400590D8D /* Model */ = {
			isa = PBXGroup;
			children = (
				FD24EF071F62ED8000590D8D /* Representative.swift */,
			);
			name = Model;
			sourceTree = "<group>";
		};
		FD24EF0A1F62EDAF00590D8D /* View Controller */ = {
			isa = PBXGroup;
			children = (
				FD24EF031F62E2E100590D8D /* StatesViewController.swift */,
			);
			name = "View Controller";
			sourceTree = "<group>";
		};
		FD24EF0B1F62EDB500590D8D /* Model Controller */ = {
			isa = PBXGroup;
			children = (
				FD24EF051F62E33C00590D8D /* StateController.swift */,
			);
			name = "Model Controller";
			sourceTree = "<group>";
		};
/* End PBXGroup section */

/* Begin PBXNativeTarget section */
		FD24EEED1F62E20400590D8D /* Representative3 */ = {
			isa = PBXNativeTarget;
			buildConfigurationList = FD24EF001F62E20400590D8D /* Build configuration list for PBXNativeTarget "Representative3" */;
			buildPhases = (
				FD24EEEA1F62E20400590D8D /* Sources */,
				FD24EEEB1F62E20400590D8D /* Frameworks */,
				FD24EEEC1F62E20400590D8D /* Resources */,
			);
			buildRules = (
			);
			dependencies = (
			);
			name = Representative3;
			productName = Representative3;
			productReference = FD24EEEE1F62E20400590D8D /* Representative3.app */;
			productType = "com.apple.product-type.application";
		};
/* End PBXNativeTarget section */

/* Begin PBXProject section */
		FD24EEE61F62E20400590D8D /* Project object */ = {
			isa = PBXProject;
			attributes = {
				LastSwiftUpdateCheck = 0830;
				LastUpgradeCheck = 0830;
				ORGANIZATIONNAME = Sohail;
				TargetAttributes = {
					FD24EEED1F62E20400590D8D = {
						CreatedOnToolsVersion = 8.3.3;
						DevelopmentTeam = XFHGVA942A;
						ProvisioningStyle = Automatic;
					};
				};
			};
			buildConfigurationList = FD24EEE91F62E20400590D8D /* Build configuration list for PBXProject "Representative3" */;
			compatibilityVersion = "Xcode 3.2";
			developmentRegion = English;
			hasScannedForEncodings = 0;
			knownRegions = (
				en,
				Base,
			);
			mainGroup = FD24EEE51F62E20400590D8D;
			productRefGroup = FD24EEEF1F62E20400590D8D /* Products */;
			projectDirPath = "";
			projectRoot = "";
			targets = (
				FD24EEED1F62E20400590D8D /* Representative3 */,
			);
		};
/* End PBXProject section */

/* Begin PBXResourcesBuildPhase section */
		FD24EEEC1F62E20400590D8D /* Resources */ = {
			isa = PBXResourcesBuildPhase;
			buildActionMask = 2147483647;
			files = (
				FD24EEFC1F62E20400590D8D /* LaunchScreen.storyboard in Resources */,
				FD24EEF91F62E20400590D8D /* Assets.xcassets in Resources */,
				FD24EEF71F62E20400590D8D /* Main.storyboard in Resources */,
			);
			runOnlyForDeploymentPostprocessing = 0;
		};
/* End PBXResourcesBuildPhase section */

/* Begin PBXSourcesBuildPhase section */
		FD24EEEA1F62E20400590D8D /* Sources */ = {
			isa = PBXSourcesBuildPhase;
			buildActionMask = 2147483647;
			files = (
				FD24EF081F62ED8000590D8D /* Representative.swift in Sources */,
				FD24EF041F62E2E100590D8D /* StatesViewController.swift in Sources */,
				FD24EF061F62E33C00590D8D /* StateController.swift in Sources */,
				FD24EEF21F62E20400590D8D /* AppDelegate.swift in Sources */,
			);
			runOnlyForDeploymentPostprocessing = 0;
		};
/* End PBXSourcesBuildPhase section */

/* Begin PBXVariantGroup section */
		FD24EEF51F62E20400590D8D /* Main.storyboard */ = {
			isa = PBXVariantGroup;
			children = (
				FD24EEF61F62E20400590D8D /* Base */,
			);
			name = Main.storyboard;
			sourceTree = "<group>";
		};
		FD24EEFA1F62E20400590D8D /* LaunchScreen.storyboard */ = {
			isa = PBXVariantGroup;
			children = (
				FD24EEFB1F62E20400590D8D /* Base */,
			);
			name = LaunchScreen.storyboard;
			sourceTree = "<group>";
		};
/* End PBXVariantGroup section */

/* Begin XCBuildConfiguration section */
		FD24EEFE1F62E20400590D8D /* Debug */ = {
			isa = XCBuildConfiguration;
			buildSettings = {
				ALWAYS_SEARCH_USER_PATHS = NO;
				CLANG_ANALYZER_NONNULL = YES;
				CLANG_ANALYZER_NUMBER_OBJECT_CONVERSION = YES_AGGRESSIVE;
				CLANG_CXX_LANGUAGE_STANDARD = "gnu++0x";
				CLANG_CXX_LIBRARY = "libc++";
				CLANG_ENABLE_MODULES = YES;
				CLANG_ENABLE_OBJC_ARC = YES;
				CLANG_WARN_BOOL_CONVERSION = YES;
				CLANG_WARN_CONSTANT_CONVERSION = YES;
				CLANG_WARN_DIRECT_OBJC_ISA_USAGE = YES_ERROR;
				CLANG_WARN_DOCUMENTATION_COMMENTS = YES;
				CLANG_WARN_EMPTY_BODY = YES;
				CLANG_WARN_ENUM_CONVERSION = YES;
				CLANG_WARN_INFINITE_RECURSION = YES;
				CLANG_WARN_INT_CONVERSION = YES;
				CLANG_WARN_OBJC_ROOT_CLASS = YES_ERROR;
				CLANG_WARN_SUSPICIOUS_MOVE = YES;
				CLANG_WARN_UNREACHABLE_CODE = YES;
				CLANG_WARN__DUPLICATE_METHOD_MATCH = YES;
				"CODE_SIGN_IDENTITY[sdk=iphoneos*]" = "iPhone Developer";
				COPY_PHASE_STRIP = NO;
				DEBUG_INFORMATION_FORMAT = dwarf;
				ENABLE_STRICT_OBJC_MSGSEND = YES;
				ENABLE_TESTABILITY = YES;
				GCC_C_LANGUAGE_STANDARD = gnu99;
				GCC_DYNAMIC_NO_PIC = NO;
				GCC_NO_COMMON_BLOCKS = YES;
				GCC_OPTIMIZATION_LEVEL = 0;
				GCC_PREPROCESSOR_DEFINITIONS = (
					"DEBUG=1",
					"$(inherited)",
				);
				GCC_WARN_64_TO_32_BIT_CONVERSION = YES;
				GCC_WARN_ABOUT_RETURN_TYPE = YES_ERROR;
				GCC_WARN_UNDECLARED_SELECTOR = YES;
				GCC_WARN_UNINITIALIZED_AUTOS = YES_AGGRESSIVE;
				GCC_WARN_UNUSED_FUNCTION = YES;
				GCC_WARN_UNUSED_VARIABLE = YES;
				IPHONEOS_DEPLOYMENT_TARGET = 10.3;
				MTL_ENABLE_DEBUG_INFO = YES;
				ONLY_ACTIVE_ARCH = YES;
				SDKROOT = iphoneos;
				SWIFT_ACTIVE_COMPILATION_CONDITIONS = DEBUG;
				SWIFT_OPTIMIZATION_LEVEL = "-Onone";
			};
			name = Debug;
		};
		FD24EEFF1F62E20400590D8D /* Release */ = {
			isa = XCBuildConfiguration;
			buildSettings = {
				ALWAYS_SEARCH_USER_PATHS = NO;
				CLANG_ANALYZER_NONNULL = YES;
				CLANG_ANALYZER_NUMBER_OBJECT_CONVERSION = YES_AGGRESSIVE;
				CLANG_CXX_LANGUAGE_STANDARD = "gnu++0x";
				CLANG_CXX_LIBRARY = "libc++";
				CLANG_ENABLE_MODULES = YES;
				CLANG_ENABLE_OBJC_ARC = YES;
				CLANG_WARN_BOOL_CONVERSION = YES;
				CLANG_WARN_CONSTANT_CONVERSION = YES;
				CLANG_WARN_DIRECT_OBJC_ISA_USAGE = YES_ERROR;
				CLANG_WARN_DOCUMENTATION_COMMENTS = YES;
				CLANG_WARN_EMPTY_BODY = YES;
				CLANG_WARN_ENUM_CONVERSION = YES;
				CLANG_WARN_INFINITE_RECURSION = YES;
				CLANG_WARN_INT_CONVERSION = YES;
				CLANG_WARN_OBJC_ROOT_CLASS = YES_ERROR;
				CLANG_WARN_SUSPICIOUS_MOVE = YES;
				CLANG_WARN_UNREACHABLE_CODE = YES;
				CLANG_WARN__DUPLICATE_METHOD_MATCH = YES;
				"CODE_SIGN_IDENTITY[sdk=iphoneos*]" = "iPhone Developer";
				COPY_PHASE_STRIP = NO;
				DEBUG_INFORMATION_FORMAT = "dwarf-with-dsym";
				ENABLE_NS_ASSERTIONS = NO;
				ENABLE_STRICT_OBJC_MSGSEND = YES;
				GCC_C_LANGUAGE_STANDARD = gnu99;
				GCC_NO_COMMON_BLOCKS = YES;
				GCC_WARN_64_TO_32_BIT_CONVERSION = YES;
				GCC_WARN_ABOUT_RETURN_TYPE = YES_ERROR;
				GCC_WARN_UNDECLARED_SELECTOR = YES;
				GCC_WARN_UNINITIALIZED_AUTOS = YES_AGGRESSIVE;
				GCC_WARN_UNUSED_FUNCTION = YES;
				GCC_WARN_UNUSED_VARIABLE = YES;
				IPHONEOS_DEPLOYMENT_TARGET = 10.3;
				MTL_ENABLE_DEBUG_INFO = NO;
				SDKROOT = iphoneos;
				SWIFT_OPTIMIZATION_LEVEL = "-Owholemodule";
				VALIDATE_PRODUCT = YES;
			};
			name = Release;
		};
		FD24EF011F62E20400590D8D /* Debug */ = {
			isa = XCBuildConfiguration;
			buildSettings = {
				ASSETCATALOG_COMPILER_APPICON_NAME = AppIcon;
				DEVELOPMENT_TEAM = XFHGVA942A;
				INFOPLIST_FILE = Representative3/Info.plist;
				LD_RUNPATH_SEARCH_PATHS = "$(inherited) @executable_path/Frameworks";
				PRODUCT_BUNDLE_IDENTIFIER = Sohail.Representative3;
				PRODUCT_NAME = "$(TARGET_NAME)";
				SWIFT_VERSION = 3.0;
			};
			name = Debug;
		};
		FD24EF021F62E20400590D8D /* Release */ = {
			isa = XCBuildConfiguration;
			buildSettings = {
				ASSETCATALOG_COMPILER_APPICON_NAME = AppIcon;
				DEVELOPMENT_TEAM = XFHGVA942A;
				INFOPLIST_FILE = Representative3/Info.plist;
				LD_RUNPATH_SEARCH_PATHS = "$(inherited) @executable_path/Frameworks";
				PRODUCT_BUNDLE_IDENTIFIER = Sohail.Representative3;
				PRODUCT_NAME = "$(TARGET_NAME)";
				SWIFT_VERSION = 3.0;
			};
			name = Release;
		};
/* End XCBuildConfiguration section */

/* Begin XCConfigurationList section */
		FD24EEE91F62E20400590D8D /* Build configuration list for PBXProject "Representative3" */ = {
			isa = XCConfigurationList;
			buildConfigurations = (
				FD24EEFE1F62E20400590D8D /* Debug */,
				FD24EEFF1F62E20400590D8D /* Release */,
			);
			defaultConfigurationIsVisible = 0;
			defaultConfigurationName = Release;
		};
		FD24EF001F62E20400590D8D /* Build configuration list for PBXNativeTarget "Representative3" */ = {
			isa = XCConfigurationList;
			buildConfigurations = (
				FD24EF011F62E20400590D8D /* Debug */,
				FD24EF021F62E20400590D8D /* Release */,
			);
			defaultConfigurationIsVisible = 0;
		};
/* End XCConfigurationList section */
	};
	rootObject = FD24EEE61F62E20400590D8D /* Project object */;
}
